// !$*UTF8*$!
{
	archiveVersion = 1;
	classes = {
	};
	objectVersion = 56;
	objects = {

/* Begin PBXBuildFile section */
		4300540F2A43FD5700474828 /* SketsaSubSection.swift in Sources */ = {isa = PBXBuildFile; fileRef = 4300540E2A43FD5700474828 /* SketsaSubSection.swift */; };
		434A9EAA2A4ACA74002A5FF7 /* InputUkuranBadanView.swift in Sources */ = {isa = PBXBuildFile; fileRef = 434A9EA92A4ACA74002A5FF7 /* InputUkuranBadanView.swift */; };
		436AE7CE2A4EC4D700522D0E /* UkuranBadanViewModel.swift in Sources */ = {isa = PBXBuildFile; fileRef = 436AE7BB2A4EC4D700522D0E /* UkuranBadanViewModel.swift */; };
		436AE7CF2A4EC4D700522D0E /* PolaExtensionDesainVM.swift in Sources */ = {isa = PBXBuildFile; fileRef = 436AE7BC2A4EC4D700522D0E /* PolaExtensionDesainVM.swift */; };
		436AE7D02A4EC4D700522D0E /* DesainViewModel.swift in Sources */ = {isa = PBXBuildFile; fileRef = 436AE7BD2A4EC4D700522D0E /* DesainViewModel.swift */; };
		436AE7D12A4EC4D700522D0E /* SketsaExtensionDesainVM.swift in Sources */ = {isa = PBXBuildFile; fileRef = 436AE7BE2A4EC4D700522D0E /* SketsaExtensionDesainVM.swift */; };
		436AE7D22A4EC4D700522D0E /* HomePageViewModel.swift in Sources */ = {isa = PBXBuildFile; fileRef = 436AE7BF2A4EC4D700522D0E /* HomePageViewModel.swift */; };
		436AE7D32A4EC4D700522D0E /* UkuranBadanRepository.swift in Sources */ = {isa = PBXBuildFile; fileRef = 436AE7C12A4EC4D700522D0E /* UkuranBadanRepository.swift */; };
		436AE7D42A4EC4D700522D0E /* ProyekRepository.swift in Sources */ = {isa = PBXBuildFile; fileRef = 436AE7C22A4EC4D700522D0E /* ProyekRepository.swift */; };
		436AE7D52A4EC4D700522D0E /* PilihJenisPakaianView.swift in Sources */ = {isa = PBXBuildFile; fileRef = 436AE7C42A4EC4D700522D0E /* PilihJenisPakaianView.swift */; };
		436AE7D62A4EC4D700522D0E /* MasukkanUkuranBadanView.swift in Sources */ = {isa = PBXBuildFile; fileRef = 436AE7C52A4EC4D700522D0E /* MasukkanUkuranBadanView.swift */; };
		436AE7D72A4EC4D700522D0E /* HistoryView.swift in Sources */ = {isa = PBXBuildFile; fileRef = 436AE7C62A4EC4D700522D0E /* HistoryView.swift */; };
		436AE7D82A4EC4D700522D0E /* DesignViewMock.swift in Sources */ = {isa = PBXBuildFile; fileRef = 436AE7C72A4EC4D700522D0E /* DesignViewMock.swift */; };
		436AE7D92A4EC4D700522D0E /* HomePageView.swift in Sources */ = {isa = PBXBuildFile; fileRef = 436AE7C82A4EC4D700522D0E /* HomePageView.swift */; };
		436AE7DA2A4EC4D700522D0E /* ProyekModel.swift in Sources */ = {isa = PBXBuildFile; fileRef = 436AE7CA2A4EC4D700522D0E /* ProyekModel.swift */; };
		436AE7DB2A4EC4D700522D0E /* SketsaModel.swift in Sources */ = {isa = PBXBuildFile; fileRef = 436AE7CB2A4EC4D700522D0E /* SketsaModel.swift */; };
		436AE7DC2A4EC4D700522D0E /* UkuranBadanModel.swift in Sources */ = {isa = PBXBuildFile; fileRef = 436AE7CC2A4EC4D700522D0E /* UkuranBadanModel.swift */; };
		436AE7DD2A4EC4D700522D0E /* TipeDesainModel.swift in Sources */ = {isa = PBXBuildFile; fileRef = 436AE7CD2A4EC4D700522D0E /* TipeDesainModel.swift */; };
		43874EAC2A3C437D001403E7 /* Tailor_PieceApp.swift in Sources */ = {isa = PBXBuildFile; fileRef = 43874EAB2A3C437D001403E7 /* Tailor_PieceApp.swift */; };
		43874EAE2A3C437D001403E7 /* DesignView.swift in Sources */ = {isa = PBXBuildFile; fileRef = 43874EAD2A3C437D001403E7 /* DesignView.swift */; };
		43874EB02A3C437D001403E7 /* Assets.xcassets in Resources */ = {isa = PBXBuildFile; fileRef = 43874EAF2A3C437D001403E7 /* Assets.xcassets */; };
		43874EB32A3C437E001403E7 /* Preview Assets.xcassets in Resources */ = {isa = PBXBuildFile; fileRef = 43874EB22A3C437E001403E7 /* Preview Assets.xcassets */; };
		43874ED22A40394F001403E7 /* DesignViewModel.swift in Sources */ = {isa = PBXBuildFile; fileRef = 43874ED12A40394F001403E7 /* DesignViewModel.swift */; };
		43874ED42A420565001403E7 /* ColorTheme.swift in Sources */ = {isa = PBXBuildFile; fileRef = 43874ED32A420565001403E7 /* ColorTheme.swift */; };
		43874ED82A42074C001403E7 /* ShimmerEffect.swift in Sources */ = {isa = PBXBuildFile; fileRef = 43874ED72A42074C001403E7 /* ShimmerEffect.swift */; };
		43874EDA2A420F4C001403E7 /* DummyView.swift in Sources */ = {isa = PBXBuildFile; fileRef = 43874ED92A420F4C001403E7 /* DummyView.swift */; };
		43874EDE2A42130E001403E7 /* Placeholder.swift in Resources */ = {isa = PBXBuildFile; fileRef = 43874EDD2A42130E001403E7 /* Placeholder.swift */; };
		43874EE02A421317001403E7 /* Placeholder.swift in Resources */ = {isa = PBXBuildFile; fileRef = 43874EDF2A421317001403E7 /* Placeholder.swift */; };
		43874EE22A42131E001403E7 /* Placeholder.swift in Resources */ = {isa = PBXBuildFile; fileRef = 43874EE12A42131E001403E7 /* Placeholder.swift */; };
		43874EE62A421338001403E7 /* Placeholder.swift in Resources */ = {isa = PBXBuildFile; fileRef = 43874EE52A421338001403E7 /* Placeholder.swift */; };
		43874EE82A42133F001403E7 /* Placeholder.swift in Resources */ = {isa = PBXBuildFile; fileRef = 43874EE72A42133F001403E7 /* Placeholder.swift */; };
		43BB82FA2A46FF490066EF55 /* Placeholder.swift in Sources */ = {isa = PBXBuildFile; fileRef = 43BB82F92A46FF490066EF55 /* Placeholder.swift */; };
		68D2F44F2A44AAE9001D6F33 /* PolaPotonganSubSection.swift in Sources */ = {isa = PBXBuildFile; fileRef = 68D2F44E2A44AAE9001D6F33 /* PolaPotonganSubSection.swift */; };
		781CD6082A421C8600C491BC /* Router.swift in Sources */ = {isa = PBXBuildFile; fileRef = 781CD6072A421C8600C491BC /* Router.swift */; };
		781CD60A2A421CE500C491BC /* SelectJenisPakaianView.swift in Sources */ = {isa = PBXBuildFile; fileRef = 781CD6092A421CE500C491BC /* SelectJenisPakaianView.swift */; };
		781D6FE52A436AEF0063FF9C /* SidebarListComponent.swift in Sources */ = {isa = PBXBuildFile; fileRef = 781D6FE42A436AEF0063FF9C /* SidebarListComponent.swift */; };
		781D6FF32A43F8B80063FF9C /* UIColor.swift in Sources */ = {isa = PBXBuildFile; fileRef = 781D6FF22A43F8B80063FF9C /* UIColor.swift */; };
		787B1DE72A4AF63500FA8A3F /* Homescreen.swift in Sources */ = {isa = PBXBuildFile; fileRef = 787B1DE62A4AF63500FA8A3F /* Homescreen.swift */; };
		787B1DE92A4AF66400FA8A3F /* FocusedField.swift in Sources */ = {isa = PBXBuildFile; fileRef = 787B1DE82A4AF66400FA8A3F /* FocusedField.swift */; };
		787B1DEB2A4AF6A000FA8A3F /* OnboardingView.swift in Sources */ = {isa = PBXBuildFile; fileRef = 787B1DEA2A4AF6A000FA8A3F /* OnboardingView.swift */; };
		787B1DED2A4AF6C300FA8A3F /* RootView.swift in Sources */ = {isa = PBXBuildFile; fileRef = 787B1DEC2A4AF6C300FA8A3F /* RootView.swift */; };
		787B1DEF2A4AF71F00FA8A3F /* ButtonComponent.swift in Sources */ = {isa = PBXBuildFile; fileRef = 787B1DEE2A4AF71F00FA8A3F /* ButtonComponent.swift */; };
/* End PBXBuildFile section */

/* Begin PBXFileReference section */
		4300540E2A43FD5700474828 /* SketsaSubSection.swift */ = {isa = PBXFileReference; lastKnownFileType = sourcecode.swift; path = SketsaSubSection.swift; sourceTree = "<group>"; };
		434A9EA92A4ACA74002A5FF7 /* InputUkuranBadanView.swift */ = {isa = PBXFileReference; lastKnownFileType = sourcecode.swift; path = InputUkuranBadanView.swift; sourceTree = "<group>"; };
		436AE7BB2A4EC4D700522D0E /* UkuranBadanViewModel.swift */ = {isa = PBXFileReference; fileEncoding = 4; lastKnownFileType = sourcecode.swift; path = UkuranBadanViewModel.swift; sourceTree = "<group>"; };
		436AE7BC2A4EC4D700522D0E /* PolaExtensionDesainVM.swift */ = {isa = PBXFileReference; fileEncoding = 4; lastKnownFileType = sourcecode.swift; path = PolaExtensionDesainVM.swift; sourceTree = "<group>"; };
		436AE7BD2A4EC4D700522D0E /* DesainViewModel.swift */ = {isa = PBXFileReference; fileEncoding = 4; lastKnownFileType = sourcecode.swift; path = DesainViewModel.swift; sourceTree = "<group>"; };
		436AE7BE2A4EC4D700522D0E /* SketsaExtensionDesainVM.swift */ = {isa = PBXFileReference; fileEncoding = 4; lastKnownFileType = sourcecode.swift; path = SketsaExtensionDesainVM.swift; sourceTree = "<group>"; };
		436AE7BF2A4EC4D700522D0E /* HomePageViewModel.swift */ = {isa = PBXFileReference; fileEncoding = 4; lastKnownFileType = sourcecode.swift; path = HomePageViewModel.swift; sourceTree = "<group>"; };
		436AE7C12A4EC4D700522D0E /* UkuranBadanRepository.swift */ = {isa = PBXFileReference; fileEncoding = 4; lastKnownFileType = sourcecode.swift; path = UkuranBadanRepository.swift; sourceTree = "<group>"; };
		436AE7C22A4EC4D700522D0E /* ProyekRepository.swift */ = {isa = PBXFileReference; fileEncoding = 4; lastKnownFileType = sourcecode.swift; path = ProyekRepository.swift; sourceTree = "<group>"; };
		436AE7C42A4EC4D700522D0E /* PilihJenisPakaianView.swift */ = {isa = PBXFileReference; fileEncoding = 4; lastKnownFileType = sourcecode.swift; path = PilihJenisPakaianView.swift; sourceTree = "<group>"; };
		436AE7C52A4EC4D700522D0E /* MasukkanUkuranBadanView.swift */ = {isa = PBXFileReference; fileEncoding = 4; lastKnownFileType = sourcecode.swift; path = MasukkanUkuranBadanView.swift; sourceTree = "<group>"; };
		436AE7C62A4EC4D700522D0E /* HistoryView.swift */ = {isa = PBXFileReference; fileEncoding = 4; lastKnownFileType = sourcecode.swift; path = HistoryView.swift; sourceTree = "<group>"; };
		436AE7C72A4EC4D700522D0E /* DesignViewMock.swift */ = {isa = PBXFileReference; fileEncoding = 4; lastKnownFileType = sourcecode.swift; path = DesignViewMock.swift; sourceTree = "<group>"; };
		436AE7C82A4EC4D700522D0E /* HomePageView.swift */ = {isa = PBXFileReference; fileEncoding = 4; lastKnownFileType = sourcecode.swift; path = HomePageView.swift; sourceTree = "<group>"; };
		436AE7CA2A4EC4D700522D0E /* ProyekModel.swift */ = {isa = PBXFileReference; fileEncoding = 4; lastKnownFileType = sourcecode.swift; path = ProyekModel.swift; sourceTree = "<group>"; };
		436AE7CB2A4EC4D700522D0E /* SketsaModel.swift */ = {isa = PBXFileReference; fileEncoding = 4; lastKnownFileType = sourcecode.swift; path = SketsaModel.swift; sourceTree = "<group>"; };
		436AE7CC2A4EC4D700522D0E /* UkuranBadanModel.swift */ = {isa = PBXFileReference; fileEncoding = 4; lastKnownFileType = sourcecode.swift; path = UkuranBadanModel.swift; sourceTree = "<group>"; };
		436AE7CD2A4EC4D700522D0E /* TipeDesainModel.swift */ = {isa = PBXFileReference; fileEncoding = 4; lastKnownFileType = sourcecode.swift; path = TipeDesainModel.swift; sourceTree = "<group>"; };
		43874EA82A3C437D001403E7 /* Tailor Piece.app */ = {isa = PBXFileReference; explicitFileType = wrapper.application; includeInIndex = 0; path = "Tailor Piece.app"; sourceTree = BUILT_PRODUCTS_DIR; };
		43874EAB2A3C437D001403E7 /* Tailor_PieceApp.swift */ = {isa = PBXFileReference; lastKnownFileType = sourcecode.swift; path = Tailor_PieceApp.swift; sourceTree = "<group>"; };
		43874EAD2A3C437D001403E7 /* DesignView.swift */ = {isa = PBXFileReference; lastKnownFileType = sourcecode.swift; path = DesignView.swift; sourceTree = "<group>"; };
		43874EAF2A3C437D001403E7 /* Assets.xcassets */ = {isa = PBXFileReference; lastKnownFileType = folder.assetcatalog; path = Assets.xcassets; sourceTree = "<group>"; };
		43874EB22A3C437E001403E7 /* Preview Assets.xcassets */ = {isa = PBXFileReference; lastKnownFileType = folder.assetcatalog; path = "Preview Assets.xcassets"; sourceTree = "<group>"; };
		43874ED12A40394F001403E7 /* DesignViewModel.swift */ = {isa = PBXFileReference; lastKnownFileType = sourcecode.swift; path = DesignViewModel.swift; sourceTree = "<group>"; };
		43874ED32A420565001403E7 /* ColorTheme.swift */ = {isa = PBXFileReference; lastKnownFileType = sourcecode.swift; path = ColorTheme.swift; sourceTree = "<group>"; };
		43874ED72A42074C001403E7 /* ShimmerEffect.swift */ = {isa = PBXFileReference; lastKnownFileType = sourcecode.swift; path = ShimmerEffect.swift; sourceTree = "<group>"; };
		43874ED92A420F4C001403E7 /* DummyView.swift */ = {isa = PBXFileReference; lastKnownFileType = sourcecode.swift; path = DummyView.swift; sourceTree = "<group>"; };
		43874EDD2A42130E001403E7 /* Placeholder.swift */ = {isa = PBXFileReference; lastKnownFileType = sourcecode.swift; path = Placeholder.swift; sourceTree = "<group>"; };
		43874EDF2A421317001403E7 /* Placeholder.swift */ = {isa = PBXFileReference; lastKnownFileType = sourcecode.swift; path = Placeholder.swift; sourceTree = "<group>"; };
		43874EE12A42131E001403E7 /* Placeholder.swift */ = {isa = PBXFileReference; lastKnownFileType = sourcecode.swift; path = Placeholder.swift; sourceTree = "<group>"; };
		43874EE52A421338001403E7 /* Placeholder.swift */ = {isa = PBXFileReference; lastKnownFileType = sourcecode.swift; path = Placeholder.swift; sourceTree = "<group>"; };
		43874EE72A42133F001403E7 /* Placeholder.swift */ = {isa = PBXFileReference; lastKnownFileType = sourcecode.swift; path = Placeholder.swift; sourceTree = "<group>"; };
		43BB82F92A46FF490066EF55 /* Placeholder.swift */ = {isa = PBXFileReference; lastKnownFileType = sourcecode.swift; path = Placeholder.swift; sourceTree = "<group>"; };
		43F851C32A430297009AFBB3 /* Tailor Piece.entitlements */ = {isa = PBXFileReference; lastKnownFileType = text.plist.entitlements; path = "Tailor Piece.entitlements"; sourceTree = "<group>"; };
		687EDBDF2A42968F00C606C2 /* Tailor Piece.entitlements */ = {isa = PBXFileReference; lastKnownFileType = text.plist.entitlements; path = "Tailor Piece.entitlements"; sourceTree = "<group>"; };
		68D2F44E2A44AAE9001D6F33 /* PolaPotonganSubSection.swift */ = {isa = PBXFileReference; lastKnownFileType = sourcecode.swift; path = PolaPotonganSubSection.swift; sourceTree = "<group>"; };
		781CD6072A421C8600C491BC /* Router.swift */ = {isa = PBXFileReference; lastKnownFileType = sourcecode.swift; path = Router.swift; sourceTree = "<group>"; };
		781CD6092A421CE500C491BC /* SelectJenisPakaianView.swift */ = {isa = PBXFileReference; lastKnownFileType = sourcecode.swift; path = SelectJenisPakaianView.swift; sourceTree = "<group>"; };
		781D6FE42A436AEF0063FF9C /* SidebarListComponent.swift */ = {isa = PBXFileReference; lastKnownFileType = sourcecode.swift; path = SidebarListComponent.swift; sourceTree = "<group>"; };
		781D6FF22A43F8B80063FF9C /* UIColor.swift */ = {isa = PBXFileReference; lastKnownFileType = sourcecode.swift; path = UIColor.swift; sourceTree = "<group>"; };
		787B1DE62A4AF63500FA8A3F /* Homescreen.swift */ = {isa = PBXFileReference; lastKnownFileType = sourcecode.swift; path = Homescreen.swift; sourceTree = "<group>"; };
		787B1DE82A4AF66400FA8A3F /* FocusedField.swift */ = {isa = PBXFileReference; lastKnownFileType = sourcecode.swift; path = FocusedField.swift; sourceTree = "<group>"; };
		787B1DEA2A4AF6A000FA8A3F /* OnboardingView.swift */ = {isa = PBXFileReference; lastKnownFileType = sourcecode.swift; path = OnboardingView.swift; sourceTree = "<group>"; };
		787B1DEC2A4AF6C300FA8A3F /* RootView.swift */ = {isa = PBXFileReference; lastKnownFileType = sourcecode.swift; path = RootView.swift; sourceTree = "<group>"; };
		787B1DEE2A4AF71F00FA8A3F /* ButtonComponent.swift */ = {isa = PBXFileReference; lastKnownFileType = sourcecode.swift; path = ButtonComponent.swift; sourceTree = "<group>"; };
/* End PBXFileReference section */

/* Begin PBXFrameworksBuildPhase section */
		43874EA52A3C437D001403E7 /* Frameworks */ = {
			isa = PBXFrameworksBuildPhase;
			buildActionMask = 2147483647;
			files = (
			);
			runOnlyForDeploymentPostprocessing = 0;
		};
/* End PBXFrameworksBuildPhase section */

/* Begin PBXGroup section */
		436AE7B92A4EC4D700522D0E /* Data */ = {
			isa = PBXGroup;
			children = (
				436AE7BA2A4EC4D700522D0E /* ViewModels */,
				436AE7C02A4EC4D700522D0E /* Repository */,
				436AE7C32A4EC4D700522D0E /* Mock */,
				436AE7C92A4EC4D700522D0E /* Entities */,
			);
			path = Data;
			sourceTree = "<group>";
		};
		436AE7BA2A4EC4D700522D0E /* ViewModels */ = {
			isa = PBXGroup;
			children = (
				436AE7BB2A4EC4D700522D0E /* UkuranBadanViewModel.swift */,
				436AE7BC2A4EC4D700522D0E /* PolaExtensionDesainVM.swift */,
				436AE7BD2A4EC4D700522D0E /* DesainViewModel.swift */,
				436AE7BE2A4EC4D700522D0E /* SketsaExtensionDesainVM.swift */,
				436AE7BF2A4EC4D700522D0E /* HomePageViewModel.swift */,
			);
			path = ViewModels;
			sourceTree = "<group>";
		};
		436AE7C02A4EC4D700522D0E /* Repository */ = {
			isa = PBXGroup;
			children = (
				436AE7C12A4EC4D700522D0E /* UkuranBadanRepository.swift */,
				436AE7C22A4EC4D700522D0E /* ProyekRepository.swift */,
			);
			path = Repository;
			sourceTree = "<group>";
		};
		436AE7C32A4EC4D700522D0E /* Mock */ = {
			isa = PBXGroup;
			children = (
				436AE7C42A4EC4D700522D0E /* PilihJenisPakaianView.swift */,
				436AE7C52A4EC4D700522D0E /* MasukkanUkuranBadanView.swift */,
				436AE7C62A4EC4D700522D0E /* HistoryView.swift */,
				436AE7C72A4EC4D700522D0E /* DesignViewMock.swift */,
				436AE7C82A4EC4D700522D0E /* HomePageView.swift */,
			);
			path = Mock;
			sourceTree = "<group>";
		};
		436AE7C92A4EC4D700522D0E /* Entities */ = {
			isa = PBXGroup;
			children = (
				436AE7CA2A4EC4D700522D0E /* ProyekModel.swift */,
				436AE7CB2A4EC4D700522D0E /* SketsaModel.swift */,
				436AE7CC2A4EC4D700522D0E /* UkuranBadanModel.swift */,
				436AE7CD2A4EC4D700522D0E /* TipeDesainModel.swift */,
			);
			path = Entities;
			sourceTree = "<group>";
		};
		43874E9F2A3C437D001403E7 = {
			isa = PBXGroup;
			children = (
				43874EAA2A3C437D001403E7 /* Tailor Piece */,
				43874EA92A3C437D001403E7 /* Products */,
			);
			sourceTree = "<group>";
		};
		43874EA92A3C437D001403E7 /* Products */ = {
			isa = PBXGroup;
			children = (
				43874EA82A3C437D001403E7 /* Tailor Piece.app */,
			);
			name = Products;
			sourceTree = "<group>";
		};
		43874EAA2A3C437D001403E7 /* Tailor Piece */ = {
			isa = PBXGroup;
			children = (
				43F851C32A430297009AFBB3 /* Tailor Piece.entitlements */,
				687EDBDF2A42968F00C606C2 /* Tailor Piece.entitlements */,
				43874EC22A40382F001403E7 /* Features */,
				43874EBC2A4037A2001403E7 /* Core */,
				43874EB92A40376D001403E7 /* Config */,
				43874EB12A3C437E001403E7 /* Preview Content */,
			);
			path = "Tailor Piece";
			sourceTree = "<group>";
		};
		43874EB12A3C437E001403E7 /* Preview Content */ = {
			isa = PBXGroup;
			children = (
				43874EB22A3C437E001403E7 /* Preview Assets.xcassets */,
			);
			path = "Preview Content";
			sourceTree = "<group>";
		};
		43874EB92A40376D001403E7 /* Config */ = {
			isa = PBXGroup;
			children = (
				43874EBB2A403788001403E7 /* Resources */,
				43874EBA2A403778001403E7 /* Apps */,
			);
			path = Config;
			sourceTree = "<group>";
		};
		43874EBA2A403778001403E7 /* Apps */ = {
			isa = PBXGroup;
			children = (
				43874EAB2A3C437D001403E7 /* Tailor_PieceApp.swift */,
			);
			path = Apps;
			sourceTree = "<group>";
		};
		43874EBB2A403788001403E7 /* Resources */ = {
			isa = PBXGroup;
			children = (
				43874EAF2A3C437D001403E7 /* Assets.xcassets */,
			);
			path = Resources;
			sourceTree = "<group>";
		};
		43874EBC2A4037A2001403E7 /* Core */ = {
			isa = PBXGroup;
			children = (
				43874EBE2A4037CE001403E7 /* Themes */,
				436AE7B92A4EC4D700522D0E /* Data */,
			);
			path = Core;
			sourceTree = "<group>";
		};
		43874EBE2A4037CE001403E7 /* Themes */ = {
			isa = PBXGroup;
			children = (
				43874EBF2A4037F1001403E7 /* Presentations */,
				43874ED32A420565001403E7 /* ColorTheme.swift */,
			);
			path = Themes;
			sourceTree = "<group>";
		};
		43874EBF2A4037F1001403E7 /* Presentations */ = {
			isa = PBXGroup;
			children = (
				781D6FE32A436A300063FF9C /* Components */,
				43874EC12A403800001403E7 /* Views */,
				43874EC02A4037F9001403E7 /* Modifiers */,
			);
			path = Presentations;
			sourceTree = "<group>";
		};
		43874EC02A4037F9001403E7 /* Modifiers */ = {
			isa = PBXGroup;
			children = (
				43874ED72A42074C001403E7 /* ShimmerEffect.swift */,
				781CD6072A421C8600C491BC /* Router.swift */,
				781D6FF22A43F8B80063FF9C /* UIColor.swift */,
				787B1DE82A4AF66400FA8A3F /* FocusedField.swift */,
			);
			path = Modifiers;
			sourceTree = "<group>";
		};
		43874EC12A403800001403E7 /* Views */ = {
			isa = PBXGroup;
			children = (
				43874ED92A420F4C001403E7 /* DummyView.swift */,
			);
			path = Views;
			sourceTree = "<group>";
		};
		43874EC22A40382F001403E7 /* Features */ = {
			isa = PBXGroup;
			children = (
				43874EC32A403836001403E7 /* Design */,
			);
			path = Features;
			sourceTree = "<group>";
		};
		43874EC32A403836001403E7 /* Design */ = {
			isa = PBXGroup;
			children = (
				43874EC62A403862001403E7 /* Presentation */,
				43874EC52A40385C001403E7 /* Domain */,
				43874EC42A403856001403E7 /* Data */,
			);
			path = Design;
			sourceTree = "<group>";
		};
		43874EC42A403856001403E7 /* Data */ = {
			isa = PBXGroup;
			children = (
				43874EC92A403895001403E7 /* UseCases */,
				43874EC82A40388C001403E7 /* Repositories */,
				43874EC72A403884001403E7 /* DataSources */,
			);
			path = Data;
			sourceTree = "<group>";
		};
		43874EC52A40385C001403E7 /* Domain */ = {
			isa = PBXGroup;
			children = (
				43874ECB2A4038A7001403E7 /* Repositories */,
				43874ECA2A40389F001403E7 /* DataSources */,
			);
			path = Domain;
			sourceTree = "<group>";
		};
		43874EC62A403862001403E7 /* Presentation */ = {
			isa = PBXGroup;
			children = (
				43874ED02A40393F001403E7 /* ViewModels */,
				43874ECD2A4038CA001403E7 /* Components */,
				43874ECC2A4038BA001403E7 /* Views */,
			);
			path = Presentation;
			sourceTree = "<group>";
		};
		43874EC72A403884001403E7 /* DataSources */ = {
			isa = PBXGroup;
			children = (
				43874EE12A42131E001403E7 /* Placeholder.swift */,
			);
			path = DataSources;
			sourceTree = "<group>";
		};
		43874EC82A40388C001403E7 /* Repositories */ = {
			isa = PBXGroup;
			children = (
				43874EDF2A421317001403E7 /* Placeholder.swift */,
			);
			path = Repositories;
			sourceTree = "<group>";
		};
		43874EC92A403895001403E7 /* UseCases */ = {
			isa = PBXGroup;
			children = (
				43874EDD2A42130E001403E7 /* Placeholder.swift */,
			);
			path = UseCases;
			sourceTree = "<group>";
		};
		43874ECA2A40389F001403E7 /* DataSources */ = {
			isa = PBXGroup;
			children = (
				43874EE52A421338001403E7 /* Placeholder.swift */,
			);
			path = DataSources;
			sourceTree = "<group>";
		};
		43874ECB2A4038A7001403E7 /* Repositories */ = {
			isa = PBXGroup;
			children = (
				43874EE72A42133F001403E7 /* Placeholder.swift */,
			);
			path = Repositories;
			sourceTree = "<group>";
		};
		43874ECC2A4038BA001403E7 /* Views */ = {
			isa = PBXGroup;
			children = (
				787B1DE62A4AF63500FA8A3F /* Homescreen.swift */,
				43874EAD2A3C437D001403E7 /* DesignView.swift */,
				434A9EA92A4ACA74002A5FF7 /* InputUkuranBadanView.swift */,
				781CD6092A421CE500C491BC /* SelectJenisPakaianView.swift */,
				787B1DEA2A4AF6A000FA8A3F /* OnboardingView.swift */,
				787B1DEC2A4AF6C300FA8A3F /* RootView.swift */,
			);
			path = Views;
			sourceTree = "<group>";
		};
		43874ECD2A4038CA001403E7 /* Components */ = {
			isa = PBXGroup;
			children = (
				781D6FE42A436AEF0063FF9C /* SidebarListComponent.swift */,
				4300540E2A43FD5700474828 /* SketsaSubSection.swift */,
				68D2F44E2A44AAE9001D6F33 /* PolaPotonganSubSection.swift */,
			);
			path = Components;
			sourceTree = "<group>";
		};
		43874ED02A40393F001403E7 /* ViewModels */ = {
			isa = PBXGroup;
			children = (
				43874ED12A40394F001403E7 /* DesignViewModel.swift */,
			);
			path = ViewModels;
			sourceTree = "<group>";
		};
		781D6FE32A436A300063FF9C /* Components */ = {
			isa = PBXGroup;
			children = (
				43BB82F92A46FF490066EF55 /* Placeholder.swift */,
				787B1DEE2A4AF71F00FA8A3F /* ButtonComponent.swift */,
			);
			path = Components;
			sourceTree = "<group>";
		};
/* End PBXGroup section */

/* Begin PBXNativeTarget section */
		43874EA72A3C437D001403E7 /* Tailor Piece */ = {
			isa = PBXNativeTarget;
			buildConfigurationList = 43874EB62A3C437E001403E7 /* Build configuration list for PBXNativeTarget "Tailor Piece" */;
			buildPhases = (
				43874EA42A3C437D001403E7 /* Sources */,
				43874EA52A3C437D001403E7 /* Frameworks */,
				43874EA62A3C437D001403E7 /* Resources */,
			);
			buildRules = (
			);
			dependencies = (
			);
			name = "Tailor Piece";
			productName = "Tailor Piece";
			productReference = 43874EA82A3C437D001403E7 /* Tailor Piece.app */;
			productType = "com.apple.product-type.application";
		};
/* End PBXNativeTarget section */

/* Begin PBXProject section */
		43874EA02A3C437D001403E7 /* Project object */ = {
			isa = PBXProject;
			attributes = {
				BuildIndependentTargetsInParallel = 1;
				LastSwiftUpdateCheck = 1430;
				LastUpgradeCheck = 1430;
				TargetAttributes = {
					43874EA72A3C437D001403E7 = {
						CreatedOnToolsVersion = 14.3.1;
					};
				};
			};
			buildConfigurationList = 43874EA32A3C437D001403E7 /* Build configuration list for PBXProject "Tailor Piece" */;
			compatibilityVersion = "Xcode 14.0";
			developmentRegion = en;
			hasScannedForEncodings = 0;
			knownRegions = (
				en,
				Base,
			);
			mainGroup = 43874E9F2A3C437D001403E7;
			productRefGroup = 43874EA92A3C437D001403E7 /* Products */;
			projectDirPath = "";
			projectRoot = "";
			targets = (
				43874EA72A3C437D001403E7 /* Tailor Piece */,
			);
		};
/* End PBXProject section */

/* Begin PBXResourcesBuildPhase section */
		43874EA62A3C437D001403E7 /* Resources */ = {
			isa = PBXResourcesBuildPhase;
			buildActionMask = 2147483647;
			files = (
				43874EE22A42131E001403E7 /* Placeholder.swift in Resources */,
				43874EB32A3C437E001403E7 /* Preview Assets.xcassets in Resources */,
				43874EDE2A42130E001403E7 /* Placeholder.swift in Resources */,
				43874EB02A3C437D001403E7 /* Assets.xcassets in Resources */,
				43874EE02A421317001403E7 /* Placeholder.swift in Resources */,
				43874EE82A42133F001403E7 /* Placeholder.swift in Resources */,
				43874EE62A421338001403E7 /* Placeholder.swift in Resources */,
			);
			runOnlyForDeploymentPostprocessing = 0;
		};
/* End PBXResourcesBuildPhase section */

/* Begin PBXSourcesBuildPhase section */
		43874EA42A3C437D001403E7 /* Sources */ = {
			isa = PBXSourcesBuildPhase;
			buildActionMask = 2147483647;
			files = (
				434A9EAA2A4ACA74002A5FF7 /* InputUkuranBadanView.swift in Sources */,
				436AE7DD2A4EC4D700522D0E /* TipeDesainModel.swift in Sources */,
				436AE7D92A4EC4D700522D0E /* HomePageView.swift in Sources */,
				436AE7D62A4EC4D700522D0E /* MasukkanUkuranBadanView.swift in Sources */,
				436AE7D72A4EC4D700522D0E /* HistoryView.swift in Sources */,
				43874EAE2A3C437D001403E7 /* DesignView.swift in Sources */,
				436AE7D82A4EC4D700522D0E /* DesignViewMock.swift in Sources */,
				436AE7D22A4EC4D700522D0E /* HomePageViewModel.swift in Sources */,
				436AE7D42A4EC4D700522D0E /* ProyekRepository.swift in Sources */,
				43874EDA2A420F4C001403E7 /* DummyView.swift in Sources */,
				436AE7CF2A4EC4D700522D0E /* PolaExtensionDesainVM.swift in Sources */,
				781CD60A2A421CE500C491BC /* SelectJenisPakaianView.swift in Sources */,
				43874ED42A420565001403E7 /* ColorTheme.swift in Sources */,
				436AE7DC2A4EC4D700522D0E /* UkuranBadanModel.swift in Sources */,
				787B1DEF2A4AF71F00FA8A3F /* ButtonComponent.swift in Sources */,
				436AE7CE2A4EC4D700522D0E /* UkuranBadanViewModel.swift in Sources */,
				781CD6082A421C8600C491BC /* Router.swift in Sources */,
				68D2F44F2A44AAE9001D6F33 /* PolaPotonganSubSection.swift in Sources */,
				43874EAC2A3C437D001403E7 /* Tailor_PieceApp.swift in Sources */,
				4300540F2A43FD5700474828 /* SketsaSubSection.swift in Sources */,
				781D6FF32A43F8B80063FF9C /* UIColor.swift in Sources */,
				436AE7D52A4EC4D700522D0E /* PilihJenisPakaianView.swift in Sources */,
				781D6FE52A436AEF0063FF9C /* SidebarListComponent.swift in Sources */,
				787B1DE72A4AF63500FA8A3F /* Homescreen.swift in Sources */,
				436AE7D32A4EC4D700522D0E /* UkuranBadanRepository.swift in Sources */,
				43874ED22A40394F001403E7 /* DesignViewModel.swift in Sources */,
				787B1DEB2A4AF6A000FA8A3F /* OnboardingView.swift in Sources */,
				787B1DE92A4AF66400FA8A3F /* FocusedField.swift in Sources */,
				436AE7D12A4EC4D700522D0E /* SketsaExtensionDesainVM.swift in Sources */,
				436AE7D02A4EC4D700522D0E /* DesainViewModel.swift in Sources */,
				787B1DED2A4AF6C300FA8A3F /* RootView.swift in Sources */,
				43BB82FA2A46FF490066EF55 /* Placeholder.swift in Sources */,
				436AE7DB2A4EC4D700522D0E /* SketsaModel.swift in Sources */,
				43874ED82A42074C001403E7 /* ShimmerEffect.swift in Sources */,
				436AE7DA2A4EC4D700522D0E /* ProyekModel.swift in Sources */,
			);
			runOnlyForDeploymentPostprocessing = 0;
		};
/* End PBXSourcesBuildPhase section */

/* Begin XCBuildConfiguration section */
		43874EB42A3C437E001403E7 /* Debug */ = {
			isa = XCBuildConfiguration;
			buildSettings = {
				ALWAYS_SEARCH_USER_PATHS = NO;
				CLANG_ANALYZER_NONNULL = YES;
				CLANG_ANALYZER_NUMBER_OBJECT_CONVERSION = YES_AGGRESSIVE;
				CLANG_CXX_LANGUAGE_STANDARD = "gnu++20";
				CLANG_ENABLE_MODULES = YES;
				CLANG_ENABLE_OBJC_ARC = YES;
				CLANG_ENABLE_OBJC_WEAK = YES;
				CLANG_WARN_BLOCK_CAPTURE_AUTORELEASING = YES;
				CLANG_WARN_BOOL_CONVERSION = YES;
				CLANG_WARN_COMMA = YES;
				CLANG_WARN_CONSTANT_CONVERSION = YES;
				CLANG_WARN_DEPRECATED_OBJC_IMPLEMENTATIONS = YES;
				CLANG_WARN_DIRECT_OBJC_ISA_USAGE = YES_ERROR;
				CLANG_WARN_DOCUMENTATION_COMMENTS = YES;
				CLANG_WARN_EMPTY_BODY = YES;
				CLANG_WARN_ENUM_CONVERSION = YES;
				CLANG_WARN_INFINITE_RECURSION = YES;
				CLANG_WARN_INT_CONVERSION = YES;
				CLANG_WARN_NON_LITERAL_NULL_CONVERSION = YES;
				CLANG_WARN_OBJC_IMPLICIT_RETAIN_SELF = YES;
				CLANG_WARN_OBJC_LITERAL_CONVERSION = YES;
				CLANG_WARN_OBJC_ROOT_CLASS = YES_ERROR;
				CLANG_WARN_QUOTED_INCLUDE_IN_FRAMEWORK_HEADER = YES;
				CLANG_WARN_RANGE_LOOP_ANALYSIS = YES;
				CLANG_WARN_STRICT_PROTOTYPES = YES;
				CLANG_WARN_SUSPICIOUS_MOVE = YES;
				CLANG_WARN_UNGUARDED_AVAILABILITY = YES_AGGRESSIVE;
				CLANG_WARN_UNREACHABLE_CODE = YES;
				CLANG_WARN__DUPLICATE_METHOD_MATCH = YES;
				COPY_PHASE_STRIP = NO;
				DEBUG_INFORMATION_FORMAT = dwarf;
				ENABLE_STRICT_OBJC_MSGSEND = YES;
				ENABLE_TESTABILITY = YES;
				GCC_C_LANGUAGE_STANDARD = gnu11;
				GCC_DYNAMIC_NO_PIC = NO;
				GCC_NO_COMMON_BLOCKS = YES;
				GCC_OPTIMIZATION_LEVEL = 0;
				GCC_PREPROCESSOR_DEFINITIONS = (
					"DEBUG=1",
					"$(inherited)",
				);
				GCC_WARN_64_TO_32_BIT_CONVERSION = YES;
				GCC_WARN_ABOUT_RETURN_TYPE = YES_ERROR;
				GCC_WARN_UNDECLARED_SELECTOR = YES;
				GCC_WARN_UNINITIALIZED_AUTOS = YES_AGGRESSIVE;
				GCC_WARN_UNUSED_FUNCTION = YES;
				GCC_WARN_UNUSED_VARIABLE = YES;
				IPHONEOS_DEPLOYMENT_TARGET = 16.4;
				MTL_ENABLE_DEBUG_INFO = INCLUDE_SOURCE;
				MTL_FAST_MATH = YES;
				ONLY_ACTIVE_ARCH = YES;
				SDKROOT = iphoneos;
				SWIFT_ACTIVE_COMPILATION_CONDITIONS = DEBUG;
				SWIFT_OPTIMIZATION_LEVEL = "-Onone";
			};
			name = Debug;
		};
		43874EB52A3C437E001403E7 /* Release */ = {
			isa = XCBuildConfiguration;
			buildSettings = {
				ALWAYS_SEARCH_USER_PATHS = NO;
				CLANG_ANALYZER_NONNULL = YES;
				CLANG_ANALYZER_NUMBER_OBJECT_CONVERSION = YES_AGGRESSIVE;
				CLANG_CXX_LANGUAGE_STANDARD = "gnu++20";
				CLANG_ENABLE_MODULES = YES;
				CLANG_ENABLE_OBJC_ARC = YES;
				CLANG_ENABLE_OBJC_WEAK = YES;
				CLANG_WARN_BLOCK_CAPTURE_AUTORELEASING = YES;
				CLANG_WARN_BOOL_CONVERSION = YES;
				CLANG_WARN_COMMA = YES;
				CLANG_WARN_CONSTANT_CONVERSION = YES;
				CLANG_WARN_DEPRECATED_OBJC_IMPLEMENTATIONS = YES;
				CLANG_WARN_DIRECT_OBJC_ISA_USAGE = YES_ERROR;
				CLANG_WARN_DOCUMENTATION_COMMENTS = YES;
				CLANG_WARN_EMPTY_BODY = YES;
				CLANG_WARN_ENUM_CONVERSION = YES;
				CLANG_WARN_INFINITE_RECURSION = YES;
				CLANG_WARN_INT_CONVERSION = YES;
				CLANG_WARN_NON_LITERAL_NULL_CONVERSION = YES;
				CLANG_WARN_OBJC_IMPLICIT_RETAIN_SELF = YES;
				CLANG_WARN_OBJC_LITERAL_CONVERSION = YES;
				CLANG_WARN_OBJC_ROOT_CLASS = YES_ERROR;
				CLANG_WARN_QUOTED_INCLUDE_IN_FRAMEWORK_HEADER = YES;
				CLANG_WARN_RANGE_LOOP_ANALYSIS = YES;
				CLANG_WARN_STRICT_PROTOTYPES = YES;
				CLANG_WARN_SUSPICIOUS_MOVE = YES;
				CLANG_WARN_UNGUARDED_AVAILABILITY = YES_AGGRESSIVE;
				CLANG_WARN_UNREACHABLE_CODE = YES;
				CLANG_WARN__DUPLICATE_METHOD_MATCH = YES;
				COPY_PHASE_STRIP = NO;
				DEBUG_INFORMATION_FORMAT = "dwarf-with-dsym";
				ENABLE_NS_ASSERTIONS = NO;
				ENABLE_STRICT_OBJC_MSGSEND = YES;
				GCC_C_LANGUAGE_STANDARD = gnu11;
				GCC_NO_COMMON_BLOCKS = YES;
				GCC_WARN_64_TO_32_BIT_CONVERSION = YES;
				GCC_WARN_ABOUT_RETURN_TYPE = YES_ERROR;
				GCC_WARN_UNDECLARED_SELECTOR = YES;
				GCC_WARN_UNINITIALIZED_AUTOS = YES_AGGRESSIVE;
				GCC_WARN_UNUSED_FUNCTION = YES;
				GCC_WARN_UNUSED_VARIABLE = YES;
				IPHONEOS_DEPLOYMENT_TARGET = 16.4;
				MTL_ENABLE_DEBUG_INFO = NO;
				MTL_FAST_MATH = YES;
				SDKROOT = iphoneos;
				SWIFT_COMPILATION_MODE = wholemodule;
				SWIFT_OPTIMIZATION_LEVEL = "-O";
				VALIDATE_PRODUCT = YES;
			};
			name = Release;
		};
		43874EB72A3C437E001403E7 /* Debug */ = {
			isa = XCBuildConfiguration;
			buildSettings = {
				ASSETCATALOG_COMPILER_APPICON_NAME = AppIcon;
				ASSETCATALOG_COMPILER_GLOBAL_ACCENT_COLOR_NAME = AccentColor;
				CODE_SIGN_ENTITLEMENTS = "Tailor Piece/Tailor Piece.entitlements";
				CODE_SIGN_IDENTITY = "Apple Development";
				"CODE_SIGN_IDENTITY[sdk=iphoneos*]" = "iPhone Developer";
				CODE_SIGN_STYLE = Manual;
				CURRENT_PROJECT_VERSION = 1;
				DEVELOPMENT_ASSET_PATHS = "\"Tailor Piece/Preview Content\"";
				DEVELOPMENT_TEAM = "";
				"DEVELOPMENT_TEAM[sdk=iphoneos*]" = 6P48RXXD7X;
				ENABLE_PREVIEWS = YES;
				GENERATE_INFOPLIST_FILE = YES;
				INFOPLIST_KEY_UIApplicationSceneManifest_Generation = YES;
				INFOPLIST_KEY_UIApplicationSupportsIndirectInputEvents = YES;
				INFOPLIST_KEY_UILaunchScreen_Generation = YES;
				INFOPLIST_KEY_UISupportedInterfaceOrientations = "UIInterfaceOrientationLandscapeLeft UIInterfaceOrientationLandscapeRight UIInterfaceOrientationPortrait";
				INFOPLIST_KEY_UISupportedInterfaceOrientations_iPad = "UIInterfaceOrientationLandscapeLeft UIInterfaceOrientationLandscapeRight";
				IPHONEOS_DEPLOYMENT_TARGET = 16.2;
				LD_RUNPATH_SEARCH_PATHS = (
					"$(inherited)",
					"@executable_path/Frameworks",
				);
				MARKETING_VERSION = 1.0;
				PRODUCT_BUNDLE_IDENTIFIER = "com.salsaachinanti.Tailor-Piece";
				PRODUCT_NAME = "$(TARGET_NAME)";
				PROVISIONING_PROFILE_SPECIFIER = "";
				"PROVISIONING_PROFILE_SPECIFIER[sdk=iphoneos*]" = SaeProvisioningProfile;
				SUPPORTED_PLATFORMS = "iphoneos iphonesimulator";
				SUPPORTS_MACCATALYST = NO;
				SUPPORTS_MAC_DESIGNED_FOR_IPHONE_IPAD = YES;
				SWIFT_EMIT_LOC_STRINGS = YES;
				SWIFT_VERSION = 5.0;
				TARGETED_DEVICE_FAMILY = 2;
			};
			name = Debug;
		};
		43874EB82A3C437E001403E7 /* Release */ = {
			isa = XCBuildConfiguration;
			buildSettings = {
				ASSETCATALOG_COMPILER_APPICON_NAME = AppIcon;
				ASSETCATALOG_COMPILER_GLOBAL_ACCENT_COLOR_NAME = AccentColor;
				CODE_SIGN_ENTITLEMENTS = "Tailor Piece/Tailor Piece.entitlements";
				CODE_SIGN_IDENTITY = "Apple Development";
				"CODE_SIGN_IDENTITY[sdk=iphoneos*]" = "iPhone Developer";
				CODE_SIGN_STYLE = Manual;
				CURRENT_PROJECT_VERSION = 1;
				DEVELOPMENT_ASSET_PATHS = "\"Tailor Piece/Preview Content\"";
				DEVELOPMENT_TEAM = "";
				"DEVELOPMENT_TEAM[sdk=iphoneos*]" = 6P48RXXD7X;
				ENABLE_PREVIEWS = YES;
				GENERATE_INFOPLIST_FILE = YES;
				INFOPLIST_KEY_UIApplicationSceneManifest_Generation = YES;
				INFOPLIST_KEY_UIApplicationSupportsIndirectInputEvents = YES;
				INFOPLIST_KEY_UILaunchScreen_Generation = YES;
				INFOPLIST_KEY_UISupportedInterfaceOrientations = "UIInterfaceOrientationLandscapeLeft UIInterfaceOrientationLandscapeRight UIInterfaceOrientationPortrait";
				INFOPLIST_KEY_UISupportedInterfaceOrientations_iPad = "UIInterfaceOrientationLandscapeLeft UIInterfaceOrientationLandscapeRight";
				IPHONEOS_DEPLOYMENT_TARGET = 16.2;
				LD_RUNPATH_SEARCH_PATHS = (
					"$(inherited)",
					"@executable_path/Frameworks",
				);
				MARKETING_VERSION = 1.0;
				PRODUCT_BUNDLE_IDENTIFIER = "com.salsaachinanti.Tailor-Piece";
				PRODUCT_NAME = "$(TARGET_NAME)";
				PROVISIONING_PROFILE_SPECIFIER = "";
				"PROVISIONING_PROFILE_SPECIFIER[sdk=iphoneos*]" = SaeProvisioningProfile;
				SUPPORTED_PLATFORMS = "iphoneos iphonesimulator";
				SUPPORTS_MACCATALYST = NO;
				SUPPORTS_MAC_DESIGNED_FOR_IPHONE_IPAD = YES;
				SWIFT_EMIT_LOC_STRINGS = YES;
				SWIFT_VERSION = 5.0;
				TARGETED_DEVICE_FAMILY = 2;
			};
			name = Release;
		};
/* End XCBuildConfiguration section */

/* Begin XCConfigurationList section */
		43874EA32A3C437D001403E7 /* Build configuration list for PBXProject "Tailor Piece" */ = {
			isa = XCConfigurationList;
			buildConfigurations = (
				43874EB42A3C437E001403E7 /* Debug */,
				43874EB52A3C437E001403E7 /* Release */,
			);
			defaultConfigurationIsVisible = 0;
			defaultConfigurationName = Release;
		};
		43874EB62A3C437E001403E7 /* Build configuration list for PBXNativeTarget "Tailor Piece" */ = {
			isa = XCConfigurationList;
			buildConfigurations = (
				43874EB72A3C437E001403E7 /* Debug */,
				43874EB82A3C437E001403E7 /* Release */,
			);
			defaultConfigurationIsVisible = 0;
			defaultConfigurationName = Release;
		};
/* End XCConfigurationList section */
	};
	rootObject = 43874EA02A3C437D001403E7 /* Project object */;
}
