// !$*UTF8*$!
{
	archiveVersion = 1;
	classes = {
	};
	objectVersion = 56;
	objects = {

/* Begin PBXBuildFile section */
		43874EAC2A3C437D001403E7 /* Tailor_PieceApp.swift in Sources */ = {isa = PBXBuildFile; fileRef = 43874EAB2A3C437D001403E7 /* Tailor_PieceApp.swift */; };
		43874EAE2A3C437D001403E7 /* Homescreen.swift in Sources */ = {isa = PBXBuildFile; fileRef = 43874EAD2A3C437D001403E7 /* Homescreen.swift */; };
		43874EB02A3C437D001403E7 /* Assets.xcassets in Resources */ = {isa = PBXBuildFile; fileRef = 43874EAF2A3C437D001403E7 /* Assets.xcassets */; };
		43874EB32A3C437E001403E7 /* Preview Assets.xcassets in Resources */ = {isa = PBXBuildFile; fileRef = 43874EB22A3C437E001403E7 /* Preview Assets.xcassets */; };
		43874ED22A40394F001403E7 /* HomescreenViewModel.swift in Sources */ = {isa = PBXBuildFile; fileRef = 43874ED12A40394F001403E7 /* HomescreenViewModel.swift */; };
		43874ED42A420565001403E7 /* ColorTheme.swift in Sources */ = {isa = PBXBuildFile; fileRef = 43874ED32A420565001403E7 /* ColorTheme.swift */; };
		43874ED82A42074C001403E7 /* ShimmerEffect.swift in Sources */ = {isa = PBXBuildFile; fileRef = 43874ED72A42074C001403E7 /* ShimmerEffect.swift */; };
		43874EDA2A420F4C001403E7 /* DummyView.swift in Sources */ = {isa = PBXBuildFile; fileRef = 43874ED92A420F4C001403E7 /* DummyView.swift */; };
		43874EDC2A4212DD001403E7 /* Placeholder in Resources */ = {isa = PBXBuildFile; fileRef = 43874EDB2A4212DD001403E7 /* Placeholder */; };
		43874EDE2A42130E001403E7 /* Placeholder in Resources */ = {isa = PBXBuildFile; fileRef = 43874EDD2A42130E001403E7 /* Placeholder */; };
		43874EE02A421317001403E7 /* Placeholder in Resources */ = {isa = PBXBuildFile; fileRef = 43874EDF2A421317001403E7 /* Placeholder */; };
		43874EE22A42131E001403E7 /* Placeholder in Resources */ = {isa = PBXBuildFile; fileRef = 43874EE12A42131E001403E7 /* Placeholder */; };
		43874EE42A421329001403E7 /* Placeholder in Resources */ = {isa = PBXBuildFile; fileRef = 43874EE32A421329001403E7 /* Placeholder */; };
		43874EE62A421338001403E7 /* Placeholder in Resources */ = {isa = PBXBuildFile; fileRef = 43874EE52A421338001403E7 /* Placeholder */; };
		43874EE82A42133F001403E7 /* Placeholder in Resources */ = {isa = PBXBuildFile; fileRef = 43874EE72A42133F001403E7 /* Placeholder */; };
/* End PBXBuildFile section */

/* Begin PBXFileReference section */
		43874EA82A3C437D001403E7 /* Tailor Piece.app */ = {isa = PBXFileReference; explicitFileType = wrapper.application; includeInIndex = 0; path = "Tailor Piece.app"; sourceTree = BUILT_PRODUCTS_DIR; };
		43874EAB2A3C437D001403E7 /* Tailor_PieceApp.swift */ = {isa = PBXFileReference; lastKnownFileType = sourcecode.swift; path = Tailor_PieceApp.swift; sourceTree = "<group>"; };
		43874EAD2A3C437D001403E7 /* Homescreen.swift */ = {isa = PBXFileReference; lastKnownFileType = sourcecode.swift; path = Homescreen.swift; sourceTree = "<group>"; };
		43874EAF2A3C437D001403E7 /* Assets.xcassets */ = {isa = PBXFileReference; lastKnownFileType = folder.assetcatalog; path = Assets.xcassets; sourceTree = "<group>"; };
		43874EB22A3C437E001403E7 /* Preview Assets.xcassets */ = {isa = PBXFileReference; lastKnownFileType = folder.assetcatalog; path = "Preview Assets.xcassets"; sourceTree = "<group>"; };
		43874ED12A40394F001403E7 /* HomescreenViewModel.swift */ = {isa = PBXFileReference; lastKnownFileType = sourcecode.swift; path = HomescreenViewModel.swift; sourceTree = "<group>"; };
		43874ED32A420565001403E7 /* ColorTheme.swift */ = {isa = PBXFileReference; lastKnownFileType = sourcecode.swift; path = ColorTheme.swift; sourceTree = "<group>"; };
		43874ED72A42074C001403E7 /* ShimmerEffect.swift */ = {isa = PBXFileReference; lastKnownFileType = sourcecode.swift; path = ShimmerEffect.swift; sourceTree = "<group>"; };
		43874ED92A420F4C001403E7 /* DummyView.swift */ = {isa = PBXFileReference; lastKnownFileType = sourcecode.swift; path = DummyView.swift; sourceTree = "<group>"; };
		43874EDB2A4212DD001403E7 /* Placeholder */ = {isa = PBXFileReference; lastKnownFileType = text; path = Placeholder; sourceTree = "<group>"; };
		43874EDD2A42130E001403E7 /* Placeholder */ = {isa = PBXFileReference; lastKnownFileType = text; path = Placeholder; sourceTree = "<group>"; };
		43874EDF2A421317001403E7 /* Placeholder */ = {isa = PBXFileReference; lastKnownFileType = text; path = Placeholder; sourceTree = "<group>"; };
		43874EE12A42131E001403E7 /* Placeholder */ = {isa = PBXFileReference; lastKnownFileType = text; path = Placeholder; sourceTree = "<group>"; };
		43874EE32A421329001403E7 /* Placeholder */ = {isa = PBXFileReference; lastKnownFileType = text; path = Placeholder; sourceTree = "<group>"; };
		43874EE52A421338001403E7 /* Placeholder */ = {isa = PBXFileReference; lastKnownFileType = text; path = Placeholder; sourceTree = "<group>"; };
		43874EE72A42133F001403E7 /* Placeholder */ = {isa = PBXFileReference; lastKnownFileType = text; path = Placeholder; sourceTree = "<group>"; };
/* End PBXFileReference section */

/* Begin PBXFrameworksBuildPhase section */
		43874EA52A3C437D001403E7 /* Frameworks */ = {
			isa = PBXFrameworksBuildPhase;
			buildActionMask = 2147483647;
			files = (
			);
			runOnlyForDeploymentPostprocessing = 0;
		};
/* End PBXFrameworksBuildPhase section */

/* Begin PBXGroup section */
		43874E9F2A3C437D001403E7 = {
			isa = PBXGroup;
			children = (
				43874EAA2A3C437D001403E7 /* Tailor Piece */,
				43874EA92A3C437D001403E7 /* Products */,
			);
			sourceTree = "<group>";
		};
		43874EA92A3C437D001403E7 /* Products */ = {
			isa = PBXGroup;
			children = (
				43874EA82A3C437D001403E7 /* Tailor Piece.app */,
			);
			name = Products;
			sourceTree = "<group>";
		};
		43874EAA2A3C437D001403E7 /* Tailor Piece */ = {
			isa = PBXGroup;
			children = (
				43874EC22A40382F001403E7 /* Features */,
				43874EBC2A4037A2001403E7 /* Core */,
				43874EB92A40376D001403E7 /* Config */,
				43874EB12A3C437E001403E7 /* Preview Content */,
			);
			path = "Tailor Piece";
			sourceTree = "<group>";
		};
		43874EB12A3C437E001403E7 /* Preview Content */ = {
			isa = PBXGroup;
			children = (
				43874EB22A3C437E001403E7 /* Preview Assets.xcassets */,
			);
			path = "Preview Content";
			sourceTree = "<group>";
		};
		43874EB92A40376D001403E7 /* Config */ = {
			isa = PBXGroup;
			children = (
				43874EBB2A403788001403E7 /* Resources */,
				43874EBA2A403778001403E7 /* Apps */,
			);
			path = Config;
			sourceTree = "<group>";
		};
		43874EBA2A403778001403E7 /* Apps */ = {
			isa = PBXGroup;
			children = (
				43874EAB2A3C437D001403E7 /* Tailor_PieceApp.swift */,
			);
			path = Apps;
			sourceTree = "<group>";
		};
		43874EBB2A403788001403E7 /* Resources */ = {
			isa = PBXGroup;
			children = (
				43874EAF2A3C437D001403E7 /* Assets.xcassets */,
			);
			path = Resources;
			sourceTree = "<group>";
		};
		43874EBC2A4037A2001403E7 /* Core */ = {
			isa = PBXGroup;
			children = (
				43874EBE2A4037CE001403E7 /* Themes */,
				43874EBD2A4037AC001403E7 /* Data */,
			);
			path = Core;
			sourceTree = "<group>";
		};
		43874EBD2A4037AC001403E7 /* Data */ = {
			isa = PBXGroup;
			children = (
				43874EE32A421329001403E7 /* Placeholder */,
			);
			path = Data;
			sourceTree = "<group>";
		};
		43874EBE2A4037CE001403E7 /* Themes */ = {
			isa = PBXGroup;
			children = (
				43874EBF2A4037F1001403E7 /* Presentations */,
				43874ED32A420565001403E7 /* ColorTheme.swift */,
			);
			path = Themes;
			sourceTree = "<group>";
		};
		43874EBF2A4037F1001403E7 /* Presentations */ = {
			isa = PBXGroup;
			children = (
				43874EC12A403800001403E7 /* Views */,
				43874EC02A4037F9001403E7 /* Modifiers */,
			);
			path = Presentations;
			sourceTree = "<group>";
		};
		43874EC02A4037F9001403E7 /* Modifiers */ = {
			isa = PBXGroup;
			children = (
				43874ED72A42074C001403E7 /* ShimmerEffect.swift */,
			);
			path = Modifiers;
			sourceTree = "<group>";
		};
		43874EC12A403800001403E7 /* Views */ = {
			isa = PBXGroup;
			children = (
				43874ED92A420F4C001403E7 /* DummyView.swift */,
			);
			path = Views;
			sourceTree = "<group>";
		};
		43874EC22A40382F001403E7 /* Features */ = {
			isa = PBXGroup;
			children = (
				43874EC32A403836001403E7 /* Homescreen */,
			);
			path = Features;
			sourceTree = "<group>";
		};
		43874EC32A403836001403E7 /* Homescreen */ = {
			isa = PBXGroup;
			children = (
				43874EC62A403862001403E7 /* Presentation */,
				43874EC52A40385C001403E7 /* Domain */,
				43874EC42A403856001403E7 /* Data */,
			);
			path = Homescreen;
			sourceTree = "<group>";
		};
		43874EC42A403856001403E7 /* Data */ = {
			isa = PBXGroup;
			children = (
				43874EC92A403895001403E7 /* UseCases */,
				43874EC82A40388C001403E7 /* Repositories */,
				43874EC72A403884001403E7 /* DataSources */,
			);
			path = Data;
			sourceTree = "<group>";
		};
		43874EC52A40385C001403E7 /* Domain */ = {
			isa = PBXGroup;
			children = (
				43874ECB2A4038A7001403E7 /* Repositories */,
				43874ECA2A40389F001403E7 /* DataSources */,
			);
			path = Domain;
			sourceTree = "<group>";
		};
		43874EC62A403862001403E7 /* Presentation */ = {
			isa = PBXGroup;
			children = (
				43874ED02A40393F001403E7 /* ViewModels */,
				43874ECD2A4038CA001403E7 /* Components */,
				43874ECC2A4038BA001403E7 /* Views */,
			);
			path = Presentation;
			sourceTree = "<group>";
		};
		43874EC72A403884001403E7 /* DataSources */ = {
			isa = PBXGroup;
			children = (
				43874EE12A42131E001403E7 /* Placeholder */,
			);
			path = DataSources;
			sourceTree = "<group>";
		};
		43874EC82A40388C001403E7 /* Repositories */ = {
			isa = PBXGroup;
			children = (
				43874EDF2A421317001403E7 /* Placeholder */,
			);
			path = Repositories;
			sourceTree = "<group>";
		};
		43874EC92A403895001403E7 /* UseCases */ = {
			isa = PBXGroup;
			children = (
				43874EDD2A42130E001403E7 /* Placeholder */,
			);
			path = UseCases;
			sourceTree = "<group>";
		};
		43874ECA2A40389F001403E7 /* DataSources */ = {
			isa = PBXGroup;
			children = (
				43874EE52A421338001403E7 /* Placeholder */,
			);
			path = DataSources;
			sourceTree = "<group>";
		};
		43874ECB2A4038A7001403E7 /* Repositories */ = {
			isa = PBXGroup;
			children = (
				43874EE72A42133F001403E7 /* Placeholder */,
			);
			path = Repositories;
			sourceTree = "<group>";
		};
		43874ECC2A4038BA001403E7 /* Views */ = {
			isa = PBXGroup;
			children = (
				43874EAD2A3C437D001403E7 /* Homescreen.swift */,
			);
			path = Views;
			sourceTree = "<group>";
		};
		43874ECD2A4038CA001403E7 /* Components */ = {
			isa = PBXGroup;
			children = (
				43874EDB2A4212DD001403E7 /* Placeholder */,
			);
			path = Components;
			sourceTree = "<group>";
		};
		43874ED02A40393F001403E7 /* ViewModels */ = {
			isa = PBXGroup;
			children = (
				43874ED12A40394F001403E7 /* HomescreenViewModel.swift */,
			);
			path = ViewModels;
			sourceTree = "<group>";
		};
/* End PBXGroup section */

/* Begin PBXNativeTarget section */
		43874EA72A3C437D001403E7 /* Tailor Piece */ = {
			isa = PBXNativeTarget;
			buildConfigurationList = 43874EB62A3C437E001403E7 /* Build configuration list for PBXNativeTarget "Tailor Piece" */;
			buildPhases = (
				43874EA42A3C437D001403E7 /* Sources */,
				43874EA52A3C437D001403E7 /* Frameworks */,
				43874EA62A3C437D001403E7 /* Resources */,
			);
			buildRules = (
			);
			dependencies = (
			);
			name = "Tailor Piece";
			productName = "Tailor Piece";
			productReference = 43874EA82A3C437D001403E7 /* Tailor Piece.app */;
			productType = "com.apple.product-type.application";
		};
/* End PBXNativeTarget section */

/* Begin PBXProject section */
		43874EA02A3C437D001403E7 /* Project object */ = {
			isa = PBXProject;
			attributes = {
				BuildIndependentTargetsInParallel = 1;
				LastSwiftUpdateCheck = 1430;
				LastUpgradeCheck = 1430;
				TargetAttributes = {
					43874EA72A3C437D001403E7 = {
						CreatedOnToolsVersion = 14.3.1;
					};
				};
			};
			buildConfigurationList = 43874EA32A3C437D001403E7 /* Build configuration list for PBXProject "Tailor Piece" */;
			compatibilityVersion = "Xcode 14.0";
			developmentRegion = en;
			hasScannedForEncodings = 0;
			knownRegions = (
				en,
				Base,
			);
			mainGroup = 43874E9F2A3C437D001403E7;
			productRefGroup = 43874EA92A3C437D001403E7 /* Products */;
			projectDirPath = "";
			projectRoot = "";
			targets = (
				43874EA72A3C437D001403E7 /* Tailor Piece */,
			);
		};
/* End PBXProject section */

/* Begin PBXResourcesBuildPhase section */
		43874EA62A3C437D001403E7 /* Resources */ = {
			isa = PBXResourcesBuildPhase;
			buildActionMask = 2147483647;
			files = (
				43874EE22A42131E001403E7 /* Placeholder in Resources */,
				43874EDC2A4212DD001403E7 /* Placeholder in Resources */,
				43874EB32A3C437E001403E7 /* Preview Assets.xcassets in Resources */,
				43874EDE2A42130E001403E7 /* Placeholder in Resources */,
				43874EB02A3C437D001403E7 /* Assets.xcassets in Resources */,
				43874EE02A421317001403E7 /* Placeholder in Resources */,
				43874EE82A42133F001403E7 /* Placeholder in Resources */,
				43874EE62A421338001403E7 /* Placeholder in Resources */,
				43874EE42A421329001403E7 /* Placeholder in Resources */,
			);
			runOnlyForDeploymentPostprocessing = 0;
		};
/* End PBXResourcesBuildPhase section */

/* Begin PBXSourcesBuildPhase section */
		43874EA42A3C437D001403E7 /* Sources */ = {
			isa = PBXSourcesBuildPhase;
			buildActionMask = 2147483647;
			files = (
				43874EAE2A3C437D001403E7 /* Homescreen.swift in Sources */,
				43874EDA2A420F4C001403E7 /* DummyView.swift in Sources */,
				43874ED42A420565001403E7 /* ColorTheme.swift in Sources */,
				43874EAC2A3C437D001403E7 /* Tailor_PieceApp.swift in Sources */,
				43874ED22A40394F001403E7 /* HomescreenViewModel.swift in Sources */,
				43874ED82A42074C001403E7 /* ShimmerEffect.swift in Sources */,
			);
			runOnlyForDeploymentPostprocessing = 0;
		};
/* End PBXSourcesBuildPhase section */

/* Begin XCBuildConfiguration section */
		43874EB42A3C437E001403E7 /* Debug */ = {
			isa = XCBuildConfiguration;
			buildSettings = {
				ALWAYS_SEARCH_USER_PATHS = NO;
				CLANG_ANALYZER_NONNULL = YES;
				CLANG_ANALYZER_NUMBER_OBJECT_CONVERSION = YES_AGGRESSIVE;
				CLANG_CXX_LANGUAGE_STANDARD = "gnu++20";
				CLANG_ENABLE_MODULES = YES;
				CLANG_ENABLE_OBJC_ARC = YES;
				CLANG_ENABLE_OBJC_WEAK = YES;
				CLANG_WARN_BLOCK_CAPTURE_AUTORELEASING = YES;
				CLANG_WARN_BOOL_CONVERSION = YES;
				CLANG_WARN_COMMA = YES;
				CLANG_WARN_CONSTANT_CONVERSION = YES;
				CLANG_WARN_DEPRECATED_OBJC_IMPLEMENTATIONS = YES;
				CLANG_WARN_DIRECT_OBJC_ISA_USAGE = YES_ERROR;
				CLANG_WARN_DOCUMENTATION_COMMENTS = YES;
				CLANG_WARN_EMPTY_BODY = YES;
				CLANG_WARN_ENUM_CONVERSION = YES;
				CLANG_WARN_INFINITE_RECURSION = YES;
				CLANG_WARN_INT_CONVERSION = YES;
				CLANG_WARN_NON_LITERAL_NULL_CONVERSION = YES;
				CLANG_WARN_OBJC_IMPLICIT_RETAIN_SELF = YES;
				CLANG_WARN_OBJC_LITERAL_CONVERSION = YES;
				CLANG_WARN_OBJC_ROOT_CLASS = YES_ERROR;
				CLANG_WARN_QUOTED_INCLUDE_IN_FRAMEWORK_HEADER = YES;
				CLANG_WARN_RANGE_LOOP_ANALYSIS = YES;
				CLANG_WARN_STRICT_PROTOTYPES = YES;
				CLANG_WARN_SUSPICIOUS_MOVE = YES;
				CLANG_WARN_UNGUARDED_AVAILABILITY = YES_AGGRESSIVE;
				CLANG_WARN_UNREACHABLE_CODE = YES;
				CLANG_WARN__DUPLICATE_METHOD_MATCH = YES;
				COPY_PHASE_STRIP = NO;
				DEBUG_INFORMATION_FORMAT = dwarf;
				ENABLE_STRICT_OBJC_MSGSEND = YES;
				ENABLE_TESTABILITY = YES;
				GCC_C_LANGUAGE_STANDARD = gnu11;
				GCC_DYNAMIC_NO_PIC = NO;
				GCC_NO_COMMON_BLOCKS = YES;
				GCC_OPTIMIZATION_LEVEL = 0;
				GCC_PREPROCESSOR_DEFINITIONS = (
					"DEBUG=1",
					"$(inherited)",
				);
				GCC_WARN_64_TO_32_BIT_CONVERSION = YES;
				GCC_WARN_ABOUT_RETURN_TYPE = YES_ERROR;
				GCC_WARN_UNDECLARED_SELECTOR = YES;
				GCC_WARN_UNINITIALIZED_AUTOS = YES_AGGRESSIVE;
				GCC_WARN_UNUSED_FUNCTION = YES;
				GCC_WARN_UNUSED_VARIABLE = YES;
				IPHONEOS_DEPLOYMENT_TARGET = 16.4;
				MTL_ENABLE_DEBUG_INFO = INCLUDE_SOURCE;
				MTL_FAST_MATH = YES;
				ONLY_ACTIVE_ARCH = YES;
				SDKROOT = iphoneos;
				SWIFT_ACTIVE_COMPILATION_CONDITIONS = DEBUG;
				SWIFT_OPTIMIZATION_LEVEL = "-Onone";
			};
			name = Debug;
		};
		43874EB52A3C437E001403E7 /* Release */ = {
			isa = XCBuildConfiguration;
			buildSettings = {
				ALWAYS_SEARCH_USER_PATHS = NO;
				CLANG_ANALYZER_NONNULL = YES;
				CLANG_ANALYZER_NUMBER_OBJECT_CONVERSION = YES_AGGRESSIVE;
				CLANG_CXX_LANGUAGE_STANDARD = "gnu++20";
				CLANG_ENABLE_MODULES = YES;
				CLANG_ENABLE_OBJC_ARC = YES;
				CLANG_ENABLE_OBJC_WEAK = YES;
				CLANG_WARN_BLOCK_CAPTURE_AUTORELEASING = YES;
				CLANG_WARN_BOOL_CONVERSION = YES;
				CLANG_WARN_COMMA = YES;
				CLANG_WARN_CONSTANT_CONVERSION = YES;
				CLANG_WARN_DEPRECATED_OBJC_IMPLEMENTATIONS = YES;
				CLANG_WARN_DIRECT_OBJC_ISA_USAGE = YES_ERROR;
				CLANG_WARN_DOCUMENTATION_COMMENTS = YES;
				CLANG_WARN_EMPTY_BODY = YES;
				CLANG_WARN_ENUM_CONVERSION = YES;
				CLANG_WARN_INFINITE_RECURSION = YES;
				CLANG_WARN_INT_CONVERSION = YES;
				CLANG_WARN_NON_LITERAL_NULL_CONVERSION = YES;
				CLANG_WARN_OBJC_IMPLICIT_RETAIN_SELF = YES;
				CLANG_WARN_OBJC_LITERAL_CONVERSION = YES;
				CLANG_WARN_OBJC_ROOT_CLASS = YES_ERROR;
				CLANG_WARN_QUOTED_INCLUDE_IN_FRAMEWORK_HEADER = YES;
				CLANG_WARN_RANGE_LOOP_ANALYSIS = YES;
				CLANG_WARN_STRICT_PROTOTYPES = YES;
				CLANG_WARN_SUSPICIOUS_MOVE = YES;
				CLANG_WARN_UNGUARDED_AVAILABILITY = YES_AGGRESSIVE;
				CLANG_WARN_UNREACHABLE_CODE = YES;
				CLANG_WARN__DUPLICATE_METHOD_MATCH = YES;
				COPY_PHASE_STRIP = NO;
				DEBUG_INFORMATION_FORMAT = "dwarf-with-dsym";
				ENABLE_NS_ASSERTIONS = NO;
				ENABLE_STRICT_OBJC_MSGSEND = YES;
				GCC_C_LANGUAGE_STANDARD = gnu11;
				GCC_NO_COMMON_BLOCKS = YES;
				GCC_WARN_64_TO_32_BIT_CONVERSION = YES;
				GCC_WARN_ABOUT_RETURN_TYPE = YES_ERROR;
				GCC_WARN_UNDECLARED_SELECTOR = YES;
				GCC_WARN_UNINITIALIZED_AUTOS = YES_AGGRESSIVE;
				GCC_WARN_UNUSED_FUNCTION = YES;
				GCC_WARN_UNUSED_VARIABLE = YES;
				IPHONEOS_DEPLOYMENT_TARGET = 16.4;
				MTL_ENABLE_DEBUG_INFO = NO;
				MTL_FAST_MATH = YES;
				SDKROOT = iphoneos;
				SWIFT_COMPILATION_MODE = wholemodule;
				SWIFT_OPTIMIZATION_LEVEL = "-O";
				VALIDATE_PRODUCT = YES;
			};
			name = Release;
		};
		43874EB72A3C437E001403E7 /* Debug */ = {
			isa = XCBuildConfiguration;
			buildSettings = {
				ASSETCATALOG_COMPILER_APPICON_NAME = AppIcon;
				ASSETCATALOG_COMPILER_GLOBAL_ACCENT_COLOR_NAME = AccentColor;
				CODE_SIGN_STYLE = Automatic;
				CURRENT_PROJECT_VERSION = 1;
				DEVELOPMENT_ASSET_PATHS = "\"Tailor Piece/Preview Content\"";
				DEVELOPMENT_TEAM = G4VYKVQHB6;
				ENABLE_PREVIEWS = YES;
				GENERATE_INFOPLIST_FILE = YES;
				INFOPLIST_KEY_UIApplicationSceneManifest_Generation = YES;
				INFOPLIST_KEY_UIApplicationSupportsIndirectInputEvents = YES;
				INFOPLIST_KEY_UILaunchScreen_Generation = YES;
				INFOPLIST_KEY_UISupportedInterfaceOrientations_iPad = "UIInterfaceOrientationPortrait UIInterfaceOrientationPortraitUpsideDown UIInterfaceOrientationLandscapeLeft UIInterfaceOrientationLandscapeRight";
				INFOPLIST_KEY_UISupportedInterfaceOrientations_iPhone = "UIInterfaceOrientationPortrait UIInterfaceOrientationLandscapeLeft UIInterfaceOrientationLandscapeRight";
				LD_RUNPATH_SEARCH_PATHS = (
					"$(inherited)",
					"@executable_path/Frameworks",
				);
				MARKETING_VERSION = 1.0;
				PRODUCT_BUNDLE_IDENTIFIER = "com.saepasomba.Tailor-Piece";
				PRODUCT_NAME = "$(TARGET_NAME)";
				SWIFT_EMIT_LOC_STRINGS = YES;
				SWIFT_VERSION = 5.0;
				TARGETED_DEVICE_FAMILY = "1,2";
			};
			name = Debug;
		};
		43874EB82A3C437E001403E7 /* Release */ = {
			isa = XCBuildConfiguration;
			buildSettings = {
				ASSETCATALOG_COMPILER_APPICON_NAME = AppIcon;
				ASSETCATALOG_COMPILER_GLOBAL_ACCENT_COLOR_NAME = AccentColor;
				CODE_SIGN_STYLE = Automatic;
				CURRENT_PROJECT_VERSION = 1;
				DEVELOPMENT_ASSET_PATHS = "\"Tailor Piece/Preview Content\"";
				DEVELOPMENT_TEAM = G4VYKVQHB6;
				ENABLE_PREVIEWS = YES;
				GENERATE_INFOPLIST_FILE = YES;
				INFOPLIST_KEY_UIApplicationSceneManifest_Generation = YES;
				INFOPLIST_KEY_UIApplicationSupportsIndirectInputEvents = YES;
				INFOPLIST_KEY_UILaunchScreen_Generation = YES;
				INFOPLIST_KEY_UISupportedInterfaceOrientations_iPad = "UIInterfaceOrientationPortrait UIInterfaceOrientationPortraitUpsideDown UIInterfaceOrientationLandscapeLeft UIInterfaceOrientationLandscapeRight";
				INFOPLIST_KEY_UISupportedInterfaceOrientations_iPhone = "UIInterfaceOrientationPortrait UIInterfaceOrientationLandscapeLeft UIInterfaceOrientationLandscapeRight";
				LD_RUNPATH_SEARCH_PATHS = (
					"$(inherited)",
					"@executable_path/Frameworks",
				);
				MARKETING_VERSION = 1.0;
				PRODUCT_BUNDLE_IDENTIFIER = "com.saepasomba.Tailor-Piece";
				PRODUCT_NAME = "$(TARGET_NAME)";
				SWIFT_EMIT_LOC_STRINGS = YES;
				SWIFT_VERSION = 5.0;
				TARGETED_DEVICE_FAMILY = "1,2";
			};
			name = Release;
		};
/* End XCBuildConfiguration section */

/* Begin XCConfigurationList section */
		43874EA32A3C437D001403E7 /* Build configuration list for PBXProject "Tailor Piece" */ = {
			isa = XCConfigurationList;
			buildConfigurations = (
				43874EB42A3C437E001403E7 /* Debug */,
				43874EB52A3C437E001403E7 /* Release */,
			);
			defaultConfigurationIsVisible = 0;
			defaultConfigurationName = Release;
		};
		43874EB62A3C437E001403E7 /* Build configuration list for PBXNativeTarget "Tailor Piece" */ = {
			isa = XCConfigurationList;
			buildConfigurations = (
				43874EB72A3C437E001403E7 /* Debug */,
				43874EB82A3C437E001403E7 /* Release */,
			);
			defaultConfigurationIsVisible = 0;
			defaultConfigurationName = Release;
		};
/* End XCConfigurationList section */
	};
	rootObject = 43874EA02A3C437D001403E7 /* Project object */;
}
